
Microsoft Visual Studio Solution File, Format Version 12.00
# Visual Studio Version 17
VisualStudioVersion = 17.6.33815.320
MinimumVisualStudioVersion = 10.0.40219.1
Project("{FAE04EC0-301F-11D3-BF4B-00C04F79EFBC}") = "WebChatServer", "WebChatServer.csproj", "{0D1E4F74-100B-4F23-BC57-FFA2CE32C456}"
EndProject
Global
	GlobalSection(SolutionConfigurationPlatforms) = preSolution
		Debug|Any CPU = Debug|Any CPU
		Release|Any CPU = Release|Any CPU
	EndGlobalSection
	GlobalSection(ProjectConfigurationPlatforms) = postSolution
		{0D1E4F74-100B-4F23-BC57-FFA2CE32C456}.Debug|Any CPU.ActiveCfg = Debug|Any CPU
		{0D1E4F74-100B-4F23-BC57-FFA2CE32C456}.Debug|Any CPU.Build.0 = Debug|Any CPU
		{0D1E4F74-100B-4F23-BC57-FFA2CE32C456}.Release|Any CPU.ActiveCfg = Release|Any CPU
		{0D1E4F74-100B-4F23-BC57-FFA2CE32C456}.Release|Any CPU.Build.0 = Release|Any CPU
	EndGlobalSection
	GlobalSection(SolutionProperties) = preSolution
		HideSolutionNode = FALSE
	EndGlobalSection
	GlobalSection(ExtensibilityGlobals) = postSolution
		SolutionGuid = {FAFD4EE4-0389-4CAC-94F4-49800706820E}
	EndGlobalSection
EndGlobal
