
Microsoft Visual Studio Solution File, Format Version 12.00
# Visual Studio Version 17
VisualStudioVersion = 17.6.33815.320
MinimumVisualStudioVersion = 10.0.40219.1
Project("{FAE04EC0-301F-11D3-BF4B-00C04F79EFBC}") = "Algorithms", "Algorithms.csproj", "{8671B1BA-2E6C-476A-B3F6-729738DC8CE8}"
EndProject
Global
	GlobalSection(SolutionConfigurationPlatforms) = preSolution
		Debug|Any CPU = Debug|Any CPU
		Release|Any CPU = Release|Any CPU
	EndGlobalSection
	GlobalSection(ProjectConfigurationPlatforms) = postSolution
		{8671B1BA-2E6C-476A-B3F6-729738DC8CE8}.Debug|Any CPU.ActiveCfg = Debug|Any CPU
		{8671B1BA-2E6C-476A-B3F6-729738DC8CE8}.Debug|Any CPU.Build.0 = Debug|Any CPU
		{8671B1BA-2E6C-476A-B3F6-729738DC8CE8}.Release|Any CPU.ActiveCfg = Release|Any CPU
		{8671B1BA-2E6C-476A-B3F6-729738DC8CE8}.Release|Any CPU.Build.0 = Release|Any CPU
	EndGlobalSection
	GlobalSection(SolutionProperties) = preSolution
		HideSolutionNode = FALSE
	EndGlobalSection
	GlobalSection(ExtensibilityGlobals) = postSolution
		SolutionGuid = {2C91E6BD-D2B5-46D3-B0B3-774D5FF73F93}
	EndGlobalSection
EndGlobal
