
Microsoft Visual Studio Solution File, Format Version 12.00
# Visual Studio Version 17
VisualStudioVersion = 17.6.33815.320
MinimumVisualStudioVersion = 10.0.40219.1
Project("{FAE04EC0-301F-11D3-BF4B-00C04F79EFBC}") = "PublicApi", "PublicApi\PublicApi.csproj", "{FFFFA0E7-2AA3-4913-9A36-81BD2D582496}"
EndProject
Project("{FAE04EC0-301F-11D3-BF4B-00C04F79EFBC}") = "Contracts", "Contracts\Contracts.csproj", "{91E7DFAE-8035-4637-B2ED-561943989A47}"
EndProject
Project("{FAE04EC0-301F-11D3-BF4B-00C04F79EFBC}") = "Infrastructure", "Infrastructure\Infrastructure.csproj", "{2B9ED227-08A1-49E4-B500-C28D0E458C81}"
EndProject
Project("{FAE04EC0-301F-11D3-BF4B-00C04F79EFBC}") = "Domain", "Domain\Domain.csproj", "{01C8D5EC-4A0B-4A5B-B74D-D7EFC9AAA902}"
EndProject
Project("{FAE04EC0-301F-11D3-BF4B-00C04F79EFBC}") = "Application", "Application\Application.csproj", "{C4441204-B459-476B-BF35-ACB3196CDE59}"
EndProject
Global
	GlobalSection(SolutionConfigurationPlatforms) = preSolution
		Debug|Any CPU = Debug|Any CPU
		Release|Any CPU = Release|Any CPU
	EndGlobalSection
	GlobalSection(ProjectConfigurationPlatforms) = postSolution
		{FFFFA0E7-2AA3-4913-9A36-81BD2D582496}.Debug|Any CPU.ActiveCfg = Debug|Any CPU
		{FFFFA0E7-2AA3-4913-9A36-81BD2D582496}.Debug|Any CPU.Build.0 = Debug|Any CPU
		{FFFFA0E7-2AA3-4913-9A36-81BD2D582496}.Release|Any CPU.ActiveCfg = Release|Any CPU
		{FFFFA0E7-2AA3-4913-9A36-81BD2D582496}.Release|Any CPU.Build.0 = Release|Any CPU
		{91E7DFAE-8035-4637-B2ED-561943989A47}.Debug|Any CPU.ActiveCfg = Debug|Any CPU
		{91E7DFAE-8035-4637-B2ED-561943989A47}.Debug|Any CPU.Build.0 = Debug|Any CPU
		{91E7DFAE-8035-4637-B2ED-561943989A47}.Release|Any CPU.ActiveCfg = Release|Any CPU
		{91E7DFAE-8035-4637-B2ED-561943989A47}.Release|Any CPU.Build.0 = Release|Any CPU
		{2B9ED227-08A1-49E4-B500-C28D0E458C81}.Debug|Any CPU.ActiveCfg = Debug|Any CPU
		{2B9ED227-08A1-49E4-B500-C28D0E458C81}.Debug|Any CPU.Build.0 = Debug|Any CPU
		{2B9ED227-08A1-49E4-B500-C28D0E458C81}.Release|Any CPU.ActiveCfg = Release|Any CPU
		{2B9ED227-08A1-49E4-B500-C28D0E458C81}.Release|Any CPU.Build.0 = Release|Any CPU
		{01C8D5EC-4A0B-4A5B-B74D-D7EFC9AAA902}.Debug|Any CPU.ActiveCfg = Debug|Any CPU
		{01C8D5EC-4A0B-4A5B-B74D-D7EFC9AAA902}.Debug|Any CPU.Build.0 = Debug|Any CPU
		{01C8D5EC-4A0B-4A5B-B74D-D7EFC9AAA902}.Release|Any CPU.ActiveCfg = Release|Any CPU
		{01C8D5EC-4A0B-4A5B-B74D-D7EFC9AAA902}.Release|Any CPU.Build.0 = Release|Any CPU
		{C4441204-B459-476B-BF35-ACB3196CDE59}.Debug|Any CPU.ActiveCfg = Debug|Any CPU
		{C4441204-B459-476B-BF35-ACB3196CDE59}.Debug|Any CPU.Build.0 = Debug|Any CPU
		{C4441204-B459-476B-BF35-ACB3196CDE59}.Release|Any CPU.ActiveCfg = Release|Any CPU
		{C4441204-B459-476B-BF35-ACB3196CDE59}.Release|Any CPU.Build.0 = Release|Any CPU
	EndGlobalSection
	GlobalSection(SolutionProperties) = preSolution
		HideSolutionNode = FALSE
	EndGlobalSection
	GlobalSection(ExtensibilityGlobals) = postSolution
		SolutionGuid = {5CEF1F92-BAE4-4622-AB4A-E1EC89271915}
	EndGlobalSection
EndGlobal
